
Microsoft Visual Studio Solution File, Format Version 12.00
# Visual Studio Version 16
VisualStudioVersion = 16.0.31424.327
MinimumVisualStudioVersion = 10.0.40219.1
Project("{FAE04EC0-301F-11D3-BF4B-00C04F79EFBC}") = "GREENWORLD-Inventory-Management", "GREENWORLD-Inventory-Management\GREENWORLD-Inventory-Management.csproj", "{98E86E59-3DE1-4591-974A-26AB581256A8}"
EndProject
Project("{FAE04EC0-301F-11D3-BF4B-00C04F79EFBC}") = "GREENWORLD-Inventory-Management.Tests", "GREENWORLD-Inventory-Management.Tests\GREENWORLD-Inventory-Management.Tests.csproj", "{61D9F654-0FDD-465F-89CC-C555BEDB0370}"
EndProject
Global
	GlobalSection(SolutionConfigurationPlatforms) = preSolution
		Debug|Any CPU = Debug|Any CPU
		Release|Any CPU = Release|Any CPU
	EndGlobalSection
	GlobalSection(ProjectConfigurationPlatforms) = postSolution
		{98E86E59-3DE1-4591-974A-26AB581256A8}.Debug|Any CPU.ActiveCfg = Debug|Any CPU
		{98E86E59-3DE1-4591-974A-26AB581256A8}.Debug|Any CPU.Build.0 = Debug|Any CPU
		{98E86E59-3DE1-4591-974A-26AB581256A8}.Release|Any CPU.ActiveCfg = Release|Any CPU
		{98E86E59-3DE1-4591-974A-26AB581256A8}.Release|Any CPU.Build.0 = Release|Any CPU
		{61D9F654-0FDD-465F-89CC-C555BEDB0370}.Debug|Any CPU.ActiveCfg = Debug|Any CPU
		{61D9F654-0FDD-465F-89CC-C555BEDB0370}.Debug|Any CPU.Build.0 = Debug|Any CPU
		{61D9F654-0FDD-465F-89CC-C555BEDB0370}.Release|Any CPU.ActiveCfg = Release|Any CPU
		{61D9F654-0FDD-465F-89CC-C555BEDB0370}.Release|Any CPU.Build.0 = Release|Any CPU
	EndGlobalSection
	GlobalSection(SolutionProperties) = preSolution
		HideSolutionNode = FALSE
	EndGlobalSection
	GlobalSection(ExtensibilityGlobals) = postSolution
		SolutionGuid = {2E988638-99C9-43EE-AEDC-39DB76D0F8E9}
	EndGlobalSection
EndGlobal
